// !$*UTF8*$!
{
	archiveVersion = 1;
	classes = {
	};
	objectVersion = 55;
	objects = {

/* Begin PBXBuildFile section */
		DF7D5C1E273BE24300C41ED8 /* AppDelegate.swift in Sources */ = {isa = PBXBuildFile; fileRef = DF7D5C1D273BE24300C41ED8 /* AppDelegate.swift */; };
		DF7D5C20273BE24300C41ED8 /* SceneDelegate.swift in Sources */ = {isa = PBXBuildFile; fileRef = DF7D5C1F273BE24300C41ED8 /* SceneDelegate.swift */; };
		DF7D5C22273BE24300C41ED8 /* MemoViewController.swift in Sources */ = {isa = PBXBuildFile; fileRef = DF7D5C21273BE24300C41ED8 /* MemoViewController.swift */; };
		DF7D5C25273BE24300C41ED8 /* Main.storyboard in Resources */ = {isa = PBXBuildFile; fileRef = DF7D5C23273BE24300C41ED8 /* Main.storyboard */; };
		DF7D5C27273BE24600C41ED8 /* Assets.xcassets in Resources */ = {isa = PBXBuildFile; fileRef = DF7D5C26273BE24600C41ED8 /* Assets.xcassets */; };
		DF7D5C2A273BE24600C41ED8 /* LaunchScreen.storyboard in Resources */ = {isa = PBXBuildFile; fileRef = DF7D5C28273BE24600C41ED8 /* LaunchScreen.storyboard */; };
		DF7D5C36273BEF6200C41ED8 /* Alert+Extension.swift in Sources */ = {isa = PBXBuildFile; fileRef = DF7D5C35273BEF6200C41ED8 /* Alert+Extension.swift */; };
		DF7D5C38273BEF9400C41ED8 /* Color+Extension.swift in Sources */ = {isa = PBXBuildFile; fileRef = DF7D5C37273BEF9400C41ED8 /* Color+Extension.swift */; };
		DF7D5C3A273BFB5300C41ED8 /* Memo.swift in Sources */ = {isa = PBXBuildFile; fileRef = DF7D5C39273BFB5300C41ED8 /* Memo.swift */; };
		DF7D5C41273D683B00C41ED8 /* MemoTableViewCell.swift in Sources */ = {isa = PBXBuildFile; fileRef = DF7D5C3F273D683B00C41ED8 /* MemoTableViewCell.swift */; };
		DF7D5C42273D683B00C41ED8 /* MemoTableViewCell.xib in Resources */ = {isa = PBXBuildFile; fileRef = DF7D5C40273D683B00C41ED8 /* MemoTableViewCell.xib */; };
		DF7D5C45273D705800C41ED8 /* Write.storyboard in Resources */ = {isa = PBXBuildFile; fileRef = DF7D5C44273D705800C41ED8 /* Write.storyboard */; };
		DF7D5C47273D752D00C41ED8 /* WriteViewController.swift in Sources */ = {isa = PBXBuildFile; fileRef = DF7D5C46273D752D00C41ED8 /* WriteViewController.swift */; };
		DF7D5C4A273E129900C41ED8 /* Realm in Frameworks */ = {isa = PBXBuildFile; productRef = DF7D5C49273E129900C41ED8 /* Realm */; };
		DF7D5C4C273E129900C41ED8 /* RealmSwift in Frameworks */ = {isa = PBXBuildFile; productRef = DF7D5C4B273E129900C41ED8 /* RealmSwift */; };
		DF7D5C4F273E133800C41ED8 /* RealmModel.swift in Sources */ = {isa = PBXBuildFile; fileRef = DF7D5C4E273E133800C41ED8 /* RealmModel.swift */; };
/* End PBXBuildFile section */

/* Begin PBXFileReference section */
		DF7D5C1A273BE24300C41ED8 /* MemoApp.app */ = {isa = PBXFileReference; explicitFileType = wrapper.application; includeInIndex = 0; path = MemoApp.app; sourceTree = BUILT_PRODUCTS_DIR; };
		DF7D5C1D273BE24300C41ED8 /* AppDelegate.swift */ = {isa = PBXFileReference; lastKnownFileType = sourcecode.swift; path = AppDelegate.swift; sourceTree = "<group>"; };
		DF7D5C1F273BE24300C41ED8 /* SceneDelegate.swift */ = {isa = PBXFileReference; lastKnownFileType = sourcecode.swift; path = SceneDelegate.swift; sourceTree = "<group>"; };
		DF7D5C21273BE24300C41ED8 /* MemoViewController.swift */ = {isa = PBXFileReference; lastKnownFileType = sourcecode.swift; path = MemoViewController.swift; sourceTree = "<group>"; };
		DF7D5C24273BE24300C41ED8 /* Base */ = {isa = PBXFileReference; lastKnownFileType = file.storyboard; name = Base; path = Base.lproj/Main.storyboard; sourceTree = "<group>"; };
		DF7D5C26273BE24600C41ED8 /* Assets.xcassets */ = {isa = PBXFileReference; lastKnownFileType = folder.assetcatalog; path = Assets.xcassets; sourceTree = "<group>"; };
		DF7D5C29273BE24600C41ED8 /* Base */ = {isa = PBXFileReference; lastKnownFileType = file.storyboard; name = Base; path = Base.lproj/LaunchScreen.storyboard; sourceTree = "<group>"; };
		DF7D5C2B273BE24600C41ED8 /* Info.plist */ = {isa = PBXFileReference; lastKnownFileType = text.plist.xml; path = Info.plist; sourceTree = "<group>"; };
		DF7D5C35273BEF6200C41ED8 /* Alert+Extension.swift */ = {isa = PBXFileReference; lastKnownFileType = sourcecode.swift; path = "Alert+Extension.swift"; sourceTree = "<group>"; };
		DF7D5C37273BEF9400C41ED8 /* Color+Extension.swift */ = {isa = PBXFileReference; lastKnownFileType = sourcecode.swift; path = "Color+Extension.swift"; sourceTree = "<group>"; };
		DF7D5C39273BFB5300C41ED8 /* Memo.swift */ = {isa = PBXFileReference; lastKnownFileType = sourcecode.swift; path = Memo.swift; sourceTree = "<group>"; };
		DF7D5C3F273D683B00C41ED8 /* MemoTableViewCell.swift */ = {isa = PBXFileReference; lastKnownFileType = sourcecode.swift; path = MemoTableViewCell.swift; sourceTree = "<group>"; };
		DF7D5C40273D683B00C41ED8 /* MemoTableViewCell.xib */ = {isa = PBXFileReference; lastKnownFileType = file.xib; path = MemoTableViewCell.xib; sourceTree = "<group>"; };
		DF7D5C44273D705800C41ED8 /* Write.storyboard */ = {isa = PBXFileReference; lastKnownFileType = file.storyboard; path = Write.storyboard; sourceTree = "<group>"; };
		DF7D5C46273D752D00C41ED8 /* WriteViewController.swift */ = {isa = PBXFileReference; lastKnownFileType = sourcecode.swift; path = WriteViewController.swift; sourceTree = "<group>"; };
		DF7D5C4E273E133800C41ED8 /* RealmModel.swift */ = {isa = PBXFileReference; lastKnownFileType = sourcecode.swift; path = RealmModel.swift; sourceTree = "<group>"; };
/* End PBXFileReference section */

/* Begin PBXFrameworksBuildPhase section */
		DF7D5C17273BE24300C41ED8 /* Frameworks */ = {
			isa = PBXFrameworksBuildPhase;
			buildActionMask = 2147483647;
			files = (
				DF7D5C4C273E129900C41ED8 /* RealmSwift in Frameworks */,
				DF7D5C4A273E129900C41ED8 /* Realm in Frameworks */,
			);
			runOnlyForDeploymentPostprocessing = 0;
		};
/* End PBXFrameworksBuildPhase section */

/* Begin PBXGroup section */
		DF7D5C11273BE24300C41ED8 = {
			isa = PBXGroup;
			children = (
				DF7D5C4D273E132000C41ED8 /* Realm */,
				DF7D5C1C273BE24300C41ED8 /* MemoApp */,
				DF7D5C1B273BE24300C41ED8 /* Products */,
			);
			sourceTree = "<group>";
		};
		DF7D5C1B273BE24300C41ED8 /* Products */ = {
			isa = PBXGroup;
			children = (
				DF7D5C1A273BE24300C41ED8 /* MemoApp.app */,
			);
			name = Products;
			sourceTree = "<group>";
		};
		DF7D5C1C273BE24300C41ED8 /* MemoApp */ = {
			isa = PBXGroup;
			children = (
				DF7D5C1D273BE24300C41ED8 /* AppDelegate.swift */,
				DF7D5C1F273BE24300C41ED8 /* SceneDelegate.swift */,
				DF7D5C3C273BFBE000C41ED8 /* Models */,
				DF7D5C3B273BFBD100C41ED8 /* Views */,
				DF7D5C3D273BFBE900C41ED8 /* Controllers */,
				DF7D5C3E273BFC0000C41ED8 /* Extensions */,
				DF7D5C26273BE24600C41ED8 /* Assets.xcassets */,
				DF7D5C28273BE24600C41ED8 /* LaunchScreen.storyboard */,
				DF7D5C2B273BE24600C41ED8 /* Info.plist */,
			);
			path = MemoApp;
			sourceTree = "<group>";
		};
		DF7D5C3B273BFBD100C41ED8 /* Views */ = {
			isa = PBXGroup;
			children = (
				DF7D5C23273BE24300C41ED8 /* Main.storyboard */,
				DF7D5C44273D705800C41ED8 /* Write.storyboard */,
				DF7D5C40273D683B00C41ED8 /* MemoTableViewCell.xib */,
			);
			path = Views;
			sourceTree = "<group>";
		};
		DF7D5C3C273BFBE000C41ED8 /* Models */ = {
			isa = PBXGroup;
			children = (
				DF7D5C39273BFB5300C41ED8 /* Memo.swift */,
			);
			path = Models;
			sourceTree = "<group>";
		};
		DF7D5C3D273BFBE900C41ED8 /* Controllers */ = {
			isa = PBXGroup;
			children = (
				DF7D5C21273BE24300C41ED8 /* MemoViewController.swift */,
				DF7D5C46273D752D00C41ED8 /* WriteViewController.swift */,
				DF7D5C43273D684E00C41ED8 /* Cells */,
			);
			path = Controllers;
			sourceTree = "<group>";
		};
		DF7D5C3E273BFC0000C41ED8 /* Extensions */ = {
			isa = PBXGroup;
			children = (
				DF7D5C35273BEF6200C41ED8 /* Alert+Extension.swift */,
				DF7D5C37273BEF9400C41ED8 /* Color+Extension.swift */,
			);
			path = Extensions;
			sourceTree = "<group>";
		};
		DF7D5C43273D684E00C41ED8 /* Cells */ = {
			isa = PBXGroup;
			children = (
				DF7D5C3F273D683B00C41ED8 /* MemoTableViewCell.swift */,
			);
			path = Cells;
			sourceTree = "<group>";
		};
		DF7D5C4D273E132000C41ED8 /* Realm */ = {
			isa = PBXGroup;
			children = (
				DF7D5C4E273E133800C41ED8 /* RealmModel.swift */,
			);
			path = Realm;
			sourceTree = "<group>";
		};
/* End PBXGroup section */

/* Begin PBXNativeTarget section */
		DF7D5C19273BE24300C41ED8 /* MemoApp */ = {
			isa = PBXNativeTarget;
			buildConfigurationList = DF7D5C2E273BE24600C41ED8 /* Build configuration list for PBXNativeTarget "MemoApp" */;
			buildPhases = (
				DF7D5C16273BE24300C41ED8 /* Sources */,
				DF7D5C17273BE24300C41ED8 /* Frameworks */,
				DF7D5C18273BE24300C41ED8 /* Resources */,
			);
			buildRules = (
			);
			dependencies = (
			);
			name = MemoApp;
			packageProductDependencies = (
				DF7D5C49273E129900C41ED8 /* Realm */,
				DF7D5C4B273E129900C41ED8 /* RealmSwift */,
			);
			productName = MemoApp;
			productReference = DF7D5C1A273BE24300C41ED8 /* MemoApp.app */;
			productType = "com.apple.product-type.application";
		};
/* End PBXNativeTarget section */

/* Begin PBXProject section */
		DF7D5C12273BE24300C41ED8 /* Project object */ = {
			isa = PBXProject;
			attributes = {
				BuildIndependentTargetsInParallel = 1;
				LastSwiftUpdateCheck = 1300;
				LastUpgradeCheck = 1300;
				TargetAttributes = {
					DF7D5C19273BE24300C41ED8 = {
						CreatedOnToolsVersion = 13.0;
					};
				};
			};
			buildConfigurationList = DF7D5C15273BE24300C41ED8 /* Build configuration list for PBXProject "MemoApp" */;
			compatibilityVersion = "Xcode 13.0";
			developmentRegion = en;
			hasScannedForEncodings = 0;
			knownRegions = (
				en,
				Base,
			);
			mainGroup = DF7D5C11273BE24300C41ED8;
			packageReferences = (
				DF7D5C48273E129900C41ED8 /* XCRemoteSwiftPackageReference "realm-cocoa" */,
			);
			productRefGroup = DF7D5C1B273BE24300C41ED8 /* Products */;
			projectDirPath = "";
			projectRoot = "";
			targets = (
				DF7D5C19273BE24300C41ED8 /* MemoApp */,
			);
		};
/* End PBXProject section */

/* Begin PBXResourcesBuildPhase section */
		DF7D5C18273BE24300C41ED8 /* Resources */ = {
			isa = PBXResourcesBuildPhase;
			buildActionMask = 2147483647;
			files = (
				DF7D5C2A273BE24600C41ED8 /* LaunchScreen.storyboard in Resources */,
				DF7D5C27273BE24600C41ED8 /* Assets.xcassets in Resources */,
				DF7D5C25273BE24300C41ED8 /* Main.storyboard in Resources */,
				DF7D5C45273D705800C41ED8 /* Write.storyboard in Resources */,
				DF7D5C42273D683B00C41ED8 /* MemoTableViewCell.xib in Resources */,
			);
			runOnlyForDeploymentPostprocessing = 0;
		};
/* End PBXResourcesBuildPhase section */

/* Begin PBXSourcesBuildPhase section */
		DF7D5C16273BE24300C41ED8 /* Sources */ = {
			isa = PBXSourcesBuildPhase;
			buildActionMask = 2147483647;
			files = (
				DF7D5C36273BEF6200C41ED8 /* Alert+Extension.swift in Sources */,
				DF7D5C3A273BFB5300C41ED8 /* Memo.swift in Sources */,
				DF7D5C38273BEF9400C41ED8 /* Color+Extension.swift in Sources */,
				DF7D5C41273D683B00C41ED8 /* MemoTableViewCell.swift in Sources */,
				DF7D5C22273BE24300C41ED8 /* MemoViewController.swift in Sources */,
				DF7D5C1E273BE24300C41ED8 /* AppDelegate.swift in Sources */,
				DF7D5C4F273E133800C41ED8 /* RealmModel.swift in Sources */,
				DF7D5C47273D752D00C41ED8 /* WriteViewController.swift in Sources */,
				DF7D5C20273BE24300C41ED8 /* SceneDelegate.swift in Sources */,
			);
			runOnlyForDeploymentPostprocessing = 0;
		};
/* End PBXSourcesBuildPhase section */

/* Begin PBXVariantGroup section */
		DF7D5C23273BE24300C41ED8 /* Main.storyboard */ = {
			isa = PBXVariantGroup;
			children = (
				DF7D5C24273BE24300C41ED8 /* Base */,
			);
			name = Main.storyboard;
			sourceTree = "<group>";
		};
		DF7D5C28273BE24600C41ED8 /* LaunchScreen.storyboard */ = {
			isa = PBXVariantGroup;
			children = (
				DF7D5C29273BE24600C41ED8 /* Base */,
			);
			name = LaunchScreen.storyboard;
			sourceTree = "<group>";
		};
/* End PBXVariantGroup section */

/* Begin XCBuildConfiguration section */
		DF7D5C2C273BE24600C41ED8 /* Debug */ = {
			isa = XCBuildConfiguration;
			buildSettings = {
				ALWAYS_SEARCH_USER_PATHS = NO;
				CLANG_ANALYZER_NONNULL = YES;
				CLANG_ANALYZER_NUMBER_OBJECT_CONVERSION = YES_AGGRESSIVE;
				CLANG_CXX_LANGUAGE_STANDARD = "gnu++17";
				CLANG_CXX_LIBRARY = "libc++";
				CLANG_ENABLE_MODULES = YES;
				CLANG_ENABLE_OBJC_ARC = YES;
				CLANG_ENABLE_OBJC_WEAK = YES;
				CLANG_WARN_BLOCK_CAPTURE_AUTORELEASING = YES;
				CLANG_WARN_BOOL_CONVERSION = YES;
				CLANG_WARN_COMMA = YES;
				CLANG_WARN_CONSTANT_CONVERSION = YES;
				CLANG_WARN_DEPRECATED_OBJC_IMPLEMENTATIONS = YES;
				CLANG_WARN_DIRECT_OBJC_ISA_USAGE = YES_ERROR;
				CLANG_WARN_DOCUMENTATION_COMMENTS = YES;
				CLANG_WARN_EMPTY_BODY = YES;
				CLANG_WARN_ENUM_CONVERSION = YES;
				CLANG_WARN_INFINITE_RECURSION = YES;
				CLANG_WARN_INT_CONVERSION = YES;
				CLANG_WARN_NON_LITERAL_NULL_CONVERSION = YES;
				CLANG_WARN_OBJC_IMPLICIT_RETAIN_SELF = YES;
				CLANG_WARN_OBJC_LITERAL_CONVERSION = YES;
				CLANG_WARN_OBJC_ROOT_CLASS = YES_ERROR;
				CLANG_WARN_QUOTED_INCLUDE_IN_FRAMEWORK_HEADER = YES;
				CLANG_WARN_RANGE_LOOP_ANALYSIS = YES;
				CLANG_WARN_STRICT_PROTOTYPES = YES;
				CLANG_WARN_SUSPICIOUS_MOVE = YES;
				CLANG_WARN_UNGUARDED_AVAILABILITY = YES_AGGRESSIVE;
				CLANG_WARN_UNREACHABLE_CODE = YES;
				CLANG_WARN__DUPLICATE_METHOD_MATCH = YES;
				COPY_PHASE_STRIP = NO;
				DEBUG_INFORMATION_FORMAT = dwarf;
				ENABLE_STRICT_OBJC_MSGSEND = YES;
				ENABLE_TESTABILITY = YES;
				GCC_C_LANGUAGE_STANDARD = gnu11;
				GCC_DYNAMIC_NO_PIC = NO;
				GCC_NO_COMMON_BLOCKS = YES;
				GCC_OPTIMIZATION_LEVEL = 0;
				GCC_PREPROCESSOR_DEFINITIONS = (
					"DEBUG=1",
					"$(inherited)",
				);
				GCC_WARN_64_TO_32_BIT_CONVERSION = YES;
				GCC_WARN_ABOUT_RETURN_TYPE = YES_ERROR;
				GCC_WARN_UNDECLARED_SELECTOR = YES;
				GCC_WARN_UNINITIALIZED_AUTOS = YES_AGGRESSIVE;
				GCC_WARN_UNUSED_FUNCTION = YES;
				GCC_WARN_UNUSED_VARIABLE = YES;
				IPHONEOS_DEPLOYMENT_TARGET = 15.0;
				MTL_ENABLE_DEBUG_INFO = INCLUDE_SOURCE;
				MTL_FAST_MATH = YES;
				ONLY_ACTIVE_ARCH = YES;
				SDKROOT = iphoneos;
				SWIFT_ACTIVE_COMPILATION_CONDITIONS = DEBUG;
				SWIFT_OPTIMIZATION_LEVEL = "-Onone";
			};
			name = Debug;
		};
		DF7D5C2D273BE24600C41ED8 /* Release */ = {
			isa = XCBuildConfiguration;
			buildSettings = {
				ALWAYS_SEARCH_USER_PATHS = NO;
				CLANG_ANALYZER_NONNULL = YES;
				CLANG_ANALYZER_NUMBER_OBJECT_CONVERSION = YES_AGGRESSIVE;
				CLANG_CXX_LANGUAGE_STANDARD = "gnu++17";
				CLANG_CXX_LIBRARY = "libc++";
				CLANG_ENABLE_MODULES = YES;
				CLANG_ENABLE_OBJC_ARC = YES;
				CLANG_ENABLE_OBJC_WEAK = YES;
				CLANG_WARN_BLOCK_CAPTURE_AUTORELEASING = YES;
				CLANG_WARN_BOOL_CONVERSION = YES;
				CLANG_WARN_COMMA = YES;
				CLANG_WARN_CONSTANT_CONVERSION = YES;
				CLANG_WARN_DEPRECATED_OBJC_IMPLEMENTATIONS = YES;
				CLANG_WARN_DIRECT_OBJC_ISA_USAGE = YES_ERROR;
				CLANG_WARN_DOCUMENTATION_COMMENTS = YES;
				CLANG_WARN_EMPTY_BODY = YES;
				CLANG_WARN_ENUM_CONVERSION = YES;
				CLANG_WARN_INFINITE_RECURSION = YES;
				CLANG_WARN_INT_CONVERSION = YES;
				CLANG_WARN_NON_LITERAL_NULL_CONVERSION = YES;
				CLANG_WARN_OBJC_IMPLICIT_RETAIN_SELF = YES;
				CLANG_WARN_OBJC_LITERAL_CONVERSION = YES;
				CLANG_WARN_OBJC_ROOT_CLASS = YES_ERROR;
				CLANG_WARN_QUOTED_INCLUDE_IN_FRAMEWORK_HEADER = YES;
				CLANG_WARN_RANGE_LOOP_ANALYSIS = YES;
				CLANG_WARN_STRICT_PROTOTYPES = YES;
				CLANG_WARN_SUSPICIOUS_MOVE = YES;
				CLANG_WARN_UNGUARDED_AVAILABILITY = YES_AGGRESSIVE;
				CLANG_WARN_UNREACHABLE_CODE = YES;
				CLANG_WARN__DUPLICATE_METHOD_MATCH = YES;
				COPY_PHASE_STRIP = NO;
				DEBUG_INFORMATION_FORMAT = "dwarf-with-dsym";
				ENABLE_NS_ASSERTIONS = NO;
				ENABLE_STRICT_OBJC_MSGSEND = YES;
				GCC_C_LANGUAGE_STANDARD = gnu11;
				GCC_NO_COMMON_BLOCKS = YES;
				GCC_WARN_64_TO_32_BIT_CONVERSION = YES;
				GCC_WARN_ABOUT_RETURN_TYPE = YES_ERROR;
				GCC_WARN_UNDECLARED_SELECTOR = YES;
				GCC_WARN_UNINITIALIZED_AUTOS = YES_AGGRESSIVE;
				GCC_WARN_UNUSED_FUNCTION = YES;
				GCC_WARN_UNUSED_VARIABLE = YES;
				IPHONEOS_DEPLOYMENT_TARGET = 15.0;
				MTL_ENABLE_DEBUG_INFO = NO;
				MTL_FAST_MATH = YES;
				SDKROOT = iphoneos;
				SWIFT_COMPILATION_MODE = wholemodule;
				SWIFT_OPTIMIZATION_LEVEL = "-O";
				VALIDATE_PRODUCT = YES;
			};
			name = Release;
		};
		DF7D5C2F273BE24600C41ED8 /* Debug */ = {
			isa = XCBuildConfiguration;
			buildSettings = {
				ASSETCATALOG_COMPILER_APPICON_NAME = AppIcon;
				ASSETCATALOG_COMPILER_GLOBAL_ACCENT_COLOR_NAME = AccentColor;
				CODE_SIGN_STYLE = Automatic;
				CURRENT_PROJECT_VERSION = 1;
				DEVELOPMENT_TEAM = 86D27W3NPD;
				GENERATE_INFOPLIST_FILE = YES;
				INFOPLIST_FILE = MemoApp/Info.plist;
				INFOPLIST_KEY_UIApplicationSupportsIndirectInputEvents = YES;
				INFOPLIST_KEY_UILaunchStoryboardName = LaunchScreen;
				INFOPLIST_KEY_UIMainStoryboardFile = Main;
				INFOPLIST_KEY_UISupportedInterfaceOrientations_iPad = "UIInterfaceOrientationPortrait UIInterfaceOrientationPortraitUpsideDown UIInterfaceOrientationLandscapeLeft UIInterfaceOrientationLandscapeRight";
				INFOPLIST_KEY_UISupportedInterfaceOrientations_iPhone = "UIInterfaceOrientationPortrait UIInterfaceOrientationLandscapeLeft UIInterfaceOrientationLandscapeRight";
				IPHONEOS_DEPLOYMENT_TARGET = 13.0;
				LD_RUNPATH_SEARCH_PATHS = (
					"$(inherited)",
					"@executable_path/Frameworks",
				);
				MARKETING_VERSION = 1.0;
				PRODUCT_BUNDLE_IDENTIFIER = com.ssac.MemoApp;
				PRODUCT_NAME = "$(TARGET_NAME)";
				SWIFT_EMIT_LOC_STRINGS = YES;
				SWIFT_VERSION = 5.0;
				TARGETED_DEVICE_FAMILY = 1;
			};
			name = Debug;
		};
		DF7D5C30273BE24600C41ED8 /* Release */ = {
			isa = XCBuildConfiguration;
			buildSettings = {
				ASSETCATALOG_COMPILER_APPICON_NAME = AppIcon;
				ASSETCATALOG_COMPILER_GLOBAL_ACCENT_COLOR_NAME = AccentColor;
				CODE_SIGN_STYLE = Automatic;
				CURRENT_PROJECT_VERSION = 1;
				DEVELOPMENT_TEAM = 86D27W3NPD;
				GENERATE_INFOPLIST_FILE = YES;
				INFOPLIST_FILE = MemoApp/Info.plist;
				INFOPLIST_KEY_UIApplicationSupportsIndirectInputEvents = YES;
				INFOPLIST_KEY_UILaunchStoryboardName = LaunchScreen;
				INFOPLIST_KEY_UIMainStoryboardFile = Main;
				INFOPLIST_KEY_UISupportedInterfaceOrientations_iPad = "UIInterfaceOrientationPortrait UIInterfaceOrientationPortraitUpsideDown UIInterfaceOrientationLandscapeLeft UIInterfaceOrientationLandscapeRight";
				INFOPLIST_KEY_UISupportedInterfaceOrientations_iPhone = "UIInterfaceOrientationPortrait UIInterfaceOrientationLandscapeLeft UIInterfaceOrientationLandscapeRight";
				IPHONEOS_DEPLOYMENT_TARGET = 13.0;
				LD_RUNPATH_SEARCH_PATHS = (
					"$(inherited)",
					"@executable_path/Frameworks",
				);
				MARKETING_VERSION = 1.0;
				PRODUCT_BUNDLE_IDENTIFIER = com.ssac.MemoApp;
				PRODUCT_NAME = "$(TARGET_NAME)";
				SWIFT_EMIT_LOC_STRINGS = YES;
				SWIFT_VERSION = 5.0;
				TARGETED_DEVICE_FAMILY = 1;
			};
			name = Release;
		};
/* End XCBuildConfiguration section */

/* Begin XCConfigurationList section */
		DF7D5C15273BE24300C41ED8 /* Build configuration list for PBXProject "MemoApp" */ = {
			isa = XCConfigurationList;
			buildConfigurations = (
				DF7D5C2C273BE24600C41ED8 /* Debug */,
				DF7D5C2D273BE24600C41ED8 /* Release */,
			);
			defaultConfigurationIsVisible = 0;
			defaultConfigurationName = Release;
		};
		DF7D5C2E273BE24600C41ED8 /* Build configuration list for PBXNativeTarget "MemoApp" */ = {
			isa = XCConfigurationList;
			buildConfigurations = (
				DF7D5C2F273BE24600C41ED8 /* Debug */,
				DF7D5C30273BE24600C41ED8 /* Release */,
			);
			defaultConfigurationIsVisible = 0;
			defaultConfigurationName = Release;
		};
/* End XCConfigurationList section */

/* Begin XCRemoteSwiftPackageReference section */
		DF7D5C48273E129900C41ED8 /* XCRemoteSwiftPackageReference "realm-cocoa" */ = {
			isa = XCRemoteSwiftPackageReference;
			repositoryURL = "https://github.com/realm/realm-cocoa.git";
			requirement = {
				kind = exactVersion;
				version = 10.18.0;
			};
		};
/* End XCRemoteSwiftPackageReference section */

/* Begin XCSwiftPackageProductDependency section */
		DF7D5C49273E129900C41ED8 /* Realm */ = {
			isa = XCSwiftPackageProductDependency;
			package = DF7D5C48273E129900C41ED8 /* XCRemoteSwiftPackageReference "realm-cocoa" */;
			productName = Realm;
		};
		DF7D5C4B273E129900C41ED8 /* RealmSwift */ = {
			isa = XCSwiftPackageProductDependency;
			package = DF7D5C48273E129900C41ED8 /* XCRemoteSwiftPackageReference "realm-cocoa" */;
			productName = RealmSwift;
		};
/* End XCSwiftPackageProductDependency section */
	};
	rootObject = DF7D5C12273BE24300C41ED8 /* Project object */;
}
